// !$*UTF8*$!
{
	archiveVersion = 1;
	classes = {
	};
	objectVersion = 46;
	objects = {

/* Begin PBXBuildFile section */
		1423F6E21CCB14B1005310DE /* UrlInfo.m in Sources */ = {isa = PBXBuildFile; fileRef = 1423F6E11CCB14B1005310DE /* UrlInfo.m */; };
		1452F3741DD5C2E8009628AF /* NSXMLParser+Cobbler.m in Sources */ = {isa = PBXBuildFile; fileRef = 1452F3731DD5C2E8009628AF /* NSXMLParser+Cobbler.m */; };
		1470D9141DCADEE70039A452 /* Weather.m in Sources */ = {isa = PBXBuildFile; fileRef = 1470D9131DCADEE70039A452 /* Weather.m */; };
		1470D9171DCAE1830039A452 /* Temp.m in Sources */ = {isa = PBXBuildFile; fileRef = 1470D9161DCAE1830039A452 /* Temp.m */; };
		14FC17911DD317AC007BFB4E /* Request.m in Sources */ = {isa = PBXBuildFile; fileRef = 14FC17901DD317AC007BFB4E /* Request.m */; };
		8E4BC55E18BF30D90089158C /* Encoder.m in Sources */ = {isa = PBXBuildFile; fileRef = 8E4BC55D18BF30D90089158C /* Encoder.m */; settings = {COMPILER_FLAGS = "-fno-objc-arc"; }; };
		8E5B30A4187DBE22007A9F86 /* AddressBook.framework in Frameworks */ = {isa = PBXBuildFile; fileRef = 8E5B30A3187DBE22007A9F86 /* AddressBook.framework */; };
		8E7F7C8518CFEE7700595CFE /* NSData+Base64.m in Sources */ = {isa = PBXBuildFile; fileRef = 8E7F7C8218CFEE7700595CFE /* NSData+Base64.m */; settings = {COMPILER_FLAGS = "-fno-objc-arc"; }; };
		8E7F7C8618CFEE7700595CFE /* StringEncryption.m in Sources */ = {isa = PBXBuildFile; fileRef = 8E7F7C8418CFEE7700595CFE /* StringEncryption.m */; settings = {COMPILER_FLAGS = "-fno-objc-arc"; }; };
		8E87A60F18BD79EC00E3AD13 /* libicucore.dylib in Frameworks */ = {isa = PBXBuildFile; fileRef = 8E87A60E18BD79EC00E3AD13 /* libicucore.dylib */; };
		8E87A61F18BD91E200E3AD13 /* CoreGraphics.framework in Frameworks */ = {isa = PBXBuildFile; fileRef = 8E87A61E18BD91E200E3AD13 /* CoreGraphics.framework */; };
		8E87A62118BD91ED00E3AD13 /* AVFoundation.framework in Frameworks */ = {isa = PBXBuildFile; fileRef = 8E87A62018BD91ED00E3AD13 /* AVFoundation.framework */; };
		8E87A62318BD91FC00E3AD13 /* QuartzCore.framework in Frameworks */ = {isa = PBXBuildFile; fileRef = 8E87A62218BD91FC00E3AD13 /* QuartzCore.framework */; };
		8E88C15618D0818F00E8137B /* decodeString.m in Sources */ = {isa = PBXBuildFile; fileRef = 8E88C15518D0818F00E8137B /* decodeString.m */; };
		8E9DC316187AEF6200CB5109 /* Foundation.framework in Frameworks */ = {isa = PBXBuildFile; fileRef = 8E9DC315187AEF6200CB5109 /* Foundation.framework */; };
		8E9DC319187AEF6200CB5109 /* main.m in Sources */ = {isa = PBXBuildFile; fileRef = 8E9DC318187AEF6200CB5109 /* main.m */; };
		8E9DC31D187AEF6200CB5109 /* test.1 in CopyFiles */ = {isa = PBXBuildFile; fileRef = 8E9DC31C187AEF6200CB5109 /* test.1 */; };
		E213405419FB87C7005436ED /* IOKit.framework in Frameworks */ = {isa = PBXBuildFile; fileRef = E213405319FB87C7005436ED /* IOKit.framework */; };
		E2296A95190A0A0A00F78507 /* DeleteFile.m in Sources */ = {isa = PBXBuildFile; fileRef = E2296A94190A0A0A00F78507 /* DeleteFile.m */; };
		E231975818E5332F007143E0 /* AudioToolbox.framework in Frameworks */ = {isa = PBXBuildFile; fileRef = E231975718E5332F007143E0 /* AudioToolbox.framework */; };
		E238D53018F3EBCC00A125F2 /* DB.m in Sources */ = {isa = PBXBuildFile; fileRef = E238D52F18F3EBCC00A125F2 /* DB.m */; };
		E238D53318F3EBE600A125F2 /* Tools.m in Sources */ = {isa = PBXBuildFile; fileRef = E238D53218F3EBE600A125F2 /* Tools.m */; };
		E238D53518F3EC4D00A125F2 /* libsqlite3.dylib in Frameworks */ = {isa = PBXBuildFile; fileRef = E238D53418F3EC4D00A125F2 /* libsqlite3.dylib */; };
		E241EEE118E12A49009259AB /* Polymorphism.m in Sources */ = {isa = PBXBuildFile; fileRef = E241EEE018E12A49009259AB /* Polymorphism.m */; };
		E245FCD11969272500683FDC /* Rooms.m in Sources */ = {isa = PBXBuildFile; fileRef = E245FCD01969272500683FDC /* Rooms.m */; };
		E24CA4D2199B080F00E54A9E /* PrintObject.m in Sources */ = {isa = PBXBuildFile; fileRef = E24CA4D1199B080F00E54A9E /* PrintObject.m */; };
		E260927219C84B62002F25A2 /* GDataXMLNode.m in Sources */ = {isa = PBXBuildFile; fileRef = E260927119C84B62002F25A2 /* GDataXMLNode.m */; settings = {COMPILER_FLAGS = "-fno-objc-arc"; }; };
		E260927419C84B7D002F25A2 /* libxml2.dylib in Frameworks */ = {isa = PBXBuildFile; fileRef = E260927319C84B7D002F25A2 /* libxml2.dylib */; };
		E26F7AD61ABFB8FA001B4E3C /* DeviceModel.m in Sources */ = {isa = PBXBuildFile; fileRef = E26F7AD51ABFB8FA001B4E3C /* DeviceModel.m */; };
		E27ACE211AFDDBDB00E8621D /* HTTPRequest.m in Sources */ = {isa = PBXBuildFile; fileRef = E27ACE201AFDDBDB00E8621D /* HTTPRequest.m */; };
		E2AF3AC11B12B9DD00EA0333 /* Ping.m in Sources */ = {isa = PBXBuildFile; fileRef = E2AF3AC01B12B9DD00EA0333 /* Ping.m */; };
		E2C7A02E1B44E5130011EC75 /* Brands.m in Sources */ = {isa = PBXBuildFile; fileRef = E2C7A02D1B44E5130011EC75 /* Brands.m */; };
/* End PBXBuildFile section */

/* Begin PBXCopyFilesBuildPhase section */
		8E9DC310187AEF6200CB5109 /* CopyFiles */ = {
			isa = PBXCopyFilesBuildPhase;
			buildActionMask = 2147483647;
			dstPath = /usr/share/man/man1/;
			dstSubfolderSpec = 0;
			files = (
				8E9DC31D187AEF6200CB5109 /* test.1 in CopyFiles */,
			);
			runOnlyForDeploymentPostprocessing = 1;
		};
/* End PBXCopyFilesBuildPhase section */

/* Begin PBXFileReference section */
		140697D71D93DE21001F244C /* demo.sh */ = {isa = PBXFileReference; lastKnownFileType = text.script.sh; path = demo.sh; sourceTree = "<group>"; };
		14092B5A1D8F940300E1E8E2 /* en */ = {isa = PBXFileReference; lastKnownFileType = text.plist.strings; name = en; path = en.lproj/InfoPlist.strings; sourceTree = "<group>"; };
		14092B5C1D8F945700E1E8E2 /* zh-Hans */ = {isa = PBXFileReference; lastKnownFileType = text.plist.strings; name = "zh-Hans"; path = "zh-Hans.lproj/InfoPlist.strings"; sourceTree = "<group>"; };
		1423F6DF1CCB1435005310DE /* Header.h */ = {isa = PBXFileReference; lastKnownFileType = sourcecode.c.h; path = Header.h; sourceTree = "<group>"; };
		1423F6E01CCB14B1005310DE /* UrlInfo.h */ = {isa = PBXFileReference; fileEncoding = 4; lastKnownFileType = sourcecode.c.h; path = UrlInfo.h; sourceTree = "<group>"; };
		1423F6E11CCB14B1005310DE /* UrlInfo.m */ = {isa = PBXFileReference; fileEncoding = 4; lastKnownFileType = sourcecode.c.objc; path = UrlInfo.m; sourceTree = "<group>"; };
		1452F3721DD5C2E8009628AF /* NSXMLParser+Cobbler.h */ = {isa = PBXFileReference; fileEncoding = 4; lastKnownFileType = sourcecode.c.h; path = "NSXMLParser+Cobbler.h"; sourceTree = "<group>"; };
		1452F3731DD5C2E8009628AF /* NSXMLParser+Cobbler.m */ = {isa = PBXFileReference; fileEncoding = 4; lastKnownFileType = sourcecode.c.objc; path = "NSXMLParser+Cobbler.m"; sourceTree = "<group>"; };
		1470D9121DCADEE70039A452 /* Weather.h */ = {isa = PBXFileReference; fileEncoding = 4; lastKnownFileType = sourcecode.c.h; path = Weather.h; sourceTree = "<group>"; };
		1470D9131DCADEE70039A452 /* Weather.m */ = {isa = PBXFileReference; fileEncoding = 4; lastKnownFileType = sourcecode.c.objc; path = Weather.m; sourceTree = "<group>"; };
		1470D9151DCAE1830039A452 /* Temp.h */ = {isa = PBXFileReference; fileEncoding = 4; lastKnownFileType = sourcecode.c.h; path = Temp.h; sourceTree = "<group>"; };
		1470D9161DCAE1830039A452 /* Temp.m */ = {isa = PBXFileReference; fileEncoding = 4; lastKnownFileType = sourcecode.c.objc; path = Temp.m; sourceTree = "<group>"; };
		14A0E5E11DA8852000CC08B5 /* zh-Hans */ = {isa = PBXFileReference; lastKnownFileType = text.plist.strings; name = "zh-Hans"; path = "zh-Hans.lproj/Localizable.strings"; sourceTree = "<group>"; };
		14A0E5E31DA8852800CC08B5 /* en */ = {isa = PBXFileReference; lastKnownFileType = text.plist.strings; name = en; path = en.lproj/Localizable.strings; sourceTree = "<group>"; };
		14FC178F1DD317AC007BFB4E /* Request.h */ = {isa = PBXFileReference; fileEncoding = 4; lastKnownFileType = sourcecode.c.h; path = Request.h; sourceTree = "<group>"; };
		14FC17901DD317AC007BFB4E /* Request.m */ = {isa = PBXFileReference; fileEncoding = 4; lastKnownFileType = sourcecode.c.objc; path = Request.m; sourceTree = "<group>"; };
		8E4BC55818BF17140089158C /* a.txt */ = {isa = PBXFileReference; fileEncoding = 4; lastKnownFileType = text; path = a.txt; sourceTree = "<group>"; };
		8E4BC55C18BF30D90089158C /* Encoder.h */ = {isa = PBXFileReference; fileEncoding = 4; lastKnownFileType = sourcecode.c.h; path = Encoder.h; sourceTree = "<group>"; };
		8E4BC55D18BF30D90089158C /* Encoder.m */ = {isa = PBXFileReference; fileEncoding = 4; lastKnownFileType = sourcecode.c.objc; path = Encoder.m; sourceTree = "<group>"; };
		8E5B30A3187DBE22007A9F86 /* AddressBook.framework */ = {isa = PBXFileReference; lastKnownFileType = wrapper.framework; name = AddressBook.framework; path = System/Library/Frameworks/AddressBook.framework; sourceTree = SDKROOT; };
		8E7F7C8118CFEE7700595CFE /* NSData+Base64.h */ = {isa = PBXFileReference; fileEncoding = 4; lastKnownFileType = sourcecode.c.h; path = "NSData+Base64.h"; sourceTree = "<group>"; };
		8E7F7C8218CFEE7700595CFE /* NSData+Base64.m */ = {isa = PBXFileReference; fileEncoding = 4; lastKnownFileType = sourcecode.c.objc; path = "NSData+Base64.m"; sourceTree = "<group>"; };
		8E7F7C8318CFEE7700595CFE /* StringEncryption.h */ = {isa = PBXFileReference; fileEncoding = 4; lastKnownFileType = sourcecode.c.h; path = StringEncryption.h; sourceTree = "<group>"; };
		8E7F7C8418CFEE7700595CFE /* StringEncryption.m */ = {isa = PBXFileReference; fileEncoding = 4; lastKnownFileType = sourcecode.c.objc; path = StringEncryption.m; sourceTree = "<group>"; };
		8E87A60E18BD79EC00E3AD13 /* libicucore.dylib */ = {isa = PBXFileReference; lastKnownFileType = "compiled.mach-o.dylib"; name = libicucore.dylib; path = usr/lib/libicucore.dylib; sourceTree = SDKROOT; };
		8E87A61E18BD91E200E3AD13 /* CoreGraphics.framework */ = {isa = PBXFileReference; lastKnownFileType = wrapper.framework; name = CoreGraphics.framework; path = System/Library/Frameworks/CoreGraphics.framework; sourceTree = SDKROOT; };
		8E87A62018BD91ED00E3AD13 /* AVFoundation.framework */ = {isa = PBXFileReference; lastKnownFileType = wrapper.framework; name = AVFoundation.framework; path = System/Library/Frameworks/AVFoundation.framework; sourceTree = SDKROOT; };
		8E87A62218BD91FC00E3AD13 /* QuartzCore.framework */ = {isa = PBXFileReference; lastKnownFileType = wrapper.framework; name = QuartzCore.framework; path = System/Library/Frameworks/QuartzCore.framework; sourceTree = SDKROOT; };
		8E88C15418D0818F00E8137B /* decodeString.h */ = {isa = PBXFileReference; fileEncoding = 4; lastKnownFileType = sourcecode.c.h; path = decodeString.h; sourceTree = "<group>"; };
		8E88C15518D0818F00E8137B /* decodeString.m */ = {isa = PBXFileReference; fileEncoding = 4; lastKnownFileType = sourcecode.c.objc; path = decodeString.m; sourceTree = "<group>"; };
		8E9DC312187AEF6200CB5109 /* test */ = {isa = PBXFileReference; explicitFileType = "compiled.mach-o.executable"; includeInIndex = 0; path = test; sourceTree = BUILT_PRODUCTS_DIR; };
		8E9DC315187AEF6200CB5109 /* Foundation.framework */ = {isa = PBXFileReference; lastKnownFileType = wrapper.framework; name = Foundation.framework; path = System/Library/Frameworks/Foundation.framework; sourceTree = SDKROOT; };
		8E9DC318187AEF6200CB5109 /* main.m */ = {isa = PBXFileReference; lastKnownFileType = sourcecode.c.objc; path = main.m; sourceTree = "<group>"; };
		8E9DC31B187AEF6200CB5109 /* test-Prefix.pch */ = {isa = PBXFileReference; lastKnownFileType = sourcecode.c.h; path = "test-Prefix.pch"; sourceTree = "<group>"; };
		8E9DC31C187AEF6200CB5109 /* test.1 */ = {isa = PBXFileReference; lastKnownFileType = text.man; path = test.1; sourceTree = "<group>"; };
		E213405319FB87C7005436ED /* IOKit.framework */ = {isa = PBXFileReference; lastKnownFileType = wrapper.framework; name = IOKit.framework; path = System/Library/Frameworks/IOKit.framework; sourceTree = SDKROOT; };
		E22655BB1904F6A20058DEA6 /* EnumType.h */ = {isa = PBXFileReference; fileEncoding = 4; lastKnownFileType = sourcecode.c.h; path = EnumType.h; sourceTree = "<group>"; };
		E2296A93190A0A0A00F78507 /* DeleteFile.h */ = {isa = PBXFileReference; fileEncoding = 4; lastKnownFileType = sourcecode.c.h; path = DeleteFile.h; sourceTree = "<group>"; };
		E2296A94190A0A0A00F78507 /* DeleteFile.m */ = {isa = PBXFileReference; fileEncoding = 4; lastKnownFileType = sourcecode.c.objc; path = DeleteFile.m; sourceTree = "<group>"; };
		E231975718E5332F007143E0 /* AudioToolbox.framework */ = {isa = PBXFileReference; lastKnownFileType = wrapper.framework; name = AudioToolbox.framework; path = System/Library/Frameworks/AudioToolbox.framework; sourceTree = SDKROOT; };
		E238D52E18F3EBCC00A125F2 /* DB.h */ = {isa = PBXFileReference; fileEncoding = 4; lastKnownFileType = sourcecode.c.h; path = DB.h; sourceTree = "<group>"; };
		E238D52F18F3EBCC00A125F2 /* DB.m */ = {isa = PBXFileReference; fileEncoding = 4; lastKnownFileType = sourcecode.c.objc; path = DB.m; sourceTree = "<group>"; };
		E238D53118F3EBE600A125F2 /* Tools.h */ = {isa = PBXFileReference; fileEncoding = 4; lastKnownFileType = sourcecode.c.h; path = Tools.h; sourceTree = "<group>"; };
		E238D53218F3EBE600A125F2 /* Tools.m */ = {isa = PBXFileReference; fileEncoding = 4; lastKnownFileType = sourcecode.c.objc; path = Tools.m; sourceTree = "<group>"; };
		E238D53418F3EC4D00A125F2 /* libsqlite3.dylib */ = {isa = PBXFileReference; lastKnownFileType = "compiled.mach-o.dylib"; name = libsqlite3.dylib; path = usr/lib/libsqlite3.dylib; sourceTree = SDKROOT; };
		E241EEDF18E12A49009259AB /* Polymorphism.h */ = {isa = PBXFileReference; fileEncoding = 4; lastKnownFileType = sourcecode.c.h; path = Polymorphism.h; sourceTree = "<group>"; };
		E241EEE018E12A49009259AB /* Polymorphism.m */ = {isa = PBXFileReference; fileEncoding = 4; lastKnownFileType = sourcecode.c.objc; path = Polymorphism.m; sourceTree = "<group>"; };
		E245FCCF1969272500683FDC /* Rooms.h */ = {isa = PBXFileReference; fileEncoding = 4; lastKnownFileType = sourcecode.c.h; path = Rooms.h; sourceTree = "<group>"; };
		E245FCD01969272500683FDC /* Rooms.m */ = {isa = PBXFileReference; fileEncoding = 4; lastKnownFileType = sourcecode.c.objc; path = Rooms.m; sourceTree = "<group>"; };
		E24B64D519BEDBE3009F7545 /* TestHeads.h */ = {isa = PBXFileReference; lastKnownFileType = sourcecode.c.h; path = TestHeads.h; sourceTree = "<group>"; };
		E24BC05A196D391F004E0313 /* BPushConfig.plist */ = {isa = PBXFileReference; fileEncoding = 4; lastKnownFileType = text.plist.xml; path = BPushConfig.plist; sourceTree = "<group>"; };
		E24CA4D0199B080F00E54A9E /* PrintObject.h */ = {isa = PBXFileReference; fileEncoding = 4; lastKnownFileType = sourcecode.c.h; path = PrintObject.h; sourceTree = "<group>"; };
		E24CA4D1199B080F00E54A9E /* PrintObject.m */ = {isa = PBXFileReference; fileEncoding = 4; lastKnownFileType = sourcecode.c.objc; path = PrintObject.m; sourceTree = "<group>"; };
		E260927019C84B62002F25A2 /* GDataXMLNode.h */ = {isa = PBXFileReference; fileEncoding = 4; lastKnownFileType = sourcecode.c.h; path = GDataXMLNode.h; sourceTree = "<group>"; };
		E260927119C84B62002F25A2 /* GDataXMLNode.m */ = {isa = PBXFileReference; fileEncoding = 4; lastKnownFileType = sourcecode.c.objc; path = GDataXMLNode.m; sourceTree = "<group>"; };
		E260927319C84B7D002F25A2 /* libxml2.dylib */ = {isa = PBXFileReference; lastKnownFileType = "compiled.mach-o.dylib"; name = libxml2.dylib; path = usr/lib/libxml2.dylib; sourceTree = SDKROOT; };
		E26F7AD41ABFB8FA001B4E3C /* DeviceModel.h */ = {isa = PBXFileReference; fileEncoding = 4; lastKnownFileType = sourcecode.c.h; path = DeviceModel.h; sourceTree = "<group>"; };
		E26F7AD51ABFB8FA001B4E3C /* DeviceModel.m */ = {isa = PBXFileReference; fileEncoding = 4; lastKnownFileType = sourcecode.c.objc; path = DeviceModel.m; sourceTree = "<group>"; };
		E27ACE1F1AFDDBDB00E8621D /* HTTPRequest.h */ = {isa = PBXFileReference; fileEncoding = 4; lastKnownFileType = sourcecode.c.h; path = HTTPRequest.h; sourceTree = "<group>"; };
		E27ACE201AFDDBDB00E8621D /* HTTPRequest.m */ = {isa = PBXFileReference; fileEncoding = 4; lastKnownFileType = sourcecode.c.objc; path = HTTPRequest.m; sourceTree = "<group>"; };
		E2AF3ABF1B12B9DD00EA0333 /* Ping.h */ = {isa = PBXFileReference; fileEncoding = 4; lastKnownFileType = sourcecode.c.h; path = Ping.h; sourceTree = "<group>"; };
		E2AF3AC01B12B9DD00EA0333 /* Ping.m */ = {isa = PBXFileReference; fileEncoding = 4; lastKnownFileType = sourcecode.c.objc; path = Ping.m; sourceTree = "<group>"; };
		E2AF3AC81B12FF7D00EA0333 /* SystemConfiguration.framework */ = {isa = PBXFileReference; lastKnownFileType = wrapper.framework; name = SystemConfiguration.framework; path = System/Library/Frameworks/SystemConfiguration.framework; sourceTree = SDKROOT; };
		E2C7A02C1B44E5130011EC75 /* Brands.h */ = {isa = PBXFileReference; fileEncoding = 4; lastKnownFileType = sourcecode.c.h; path = Brands.h; sourceTree = "<group>"; };
		E2C7A02D1B44E5130011EC75 /* Brands.m */ = {isa = PBXFileReference; fileEncoding = 4; lastKnownFileType = sourcecode.c.objc; path = Brands.m; sourceTree = "<group>"; };
		E2C7A02F1B44E5370011EC75 /* EnumTypes.h */ = {isa = PBXFileReference; fileEncoding = 4; lastKnownFileType = sourcecode.c.h; path = EnumTypes.h; sourceTree = "<group>"; };
		E2C7A0301B44E56C0011EC75 /* EnumInfraredType.h */ = {isa = PBXFileReference; fileEncoding = 4; lastKnownFileType = sourcecode.c.h; path = EnumInfraredType.h; sourceTree = "<group>"; };
/* End PBXFileReference section */

/* Begin PBXFrameworksBuildPhase section */
		8E9DC30F187AEF6200CB5109 /* Frameworks */ = {
			isa = PBXFrameworksBuildPhase;
			buildActionMask = 2147483647;
			files = (
				E213405419FB87C7005436ED /* IOKit.framework in Frameworks */,
				E260927419C84B7D002F25A2 /* libxml2.dylib in Frameworks */,
				E238D53518F3EC4D00A125F2 /* libsqlite3.dylib in Frameworks */,
				E231975818E5332F007143E0 /* AudioToolbox.framework in Frameworks */,
				8E87A62318BD91FC00E3AD13 /* QuartzCore.framework in Frameworks */,
				8E87A62118BD91ED00E3AD13 /* AVFoundation.framework in Frameworks */,
				8E87A61F18BD91E200E3AD13 /* CoreGraphics.framework in Frameworks */,
				8E87A60F18BD79EC00E3AD13 /* libicucore.dylib in Frameworks */,
				8E5B30A4187DBE22007A9F86 /* AddressBook.framework in Frameworks */,
				8E9DC316187AEF6200CB5109 /* Foundation.framework in Frameworks */,
			);
			runOnlyForDeploymentPostprocessing = 0;
		};
/* End PBXFrameworksBuildPhase section */

/* Begin PBXGroup section */
		8E9DC309187AEF6200CB5109 = {
			isa = PBXGroup;
			children = (
				8E9DC317187AEF6200CB5109 /* test */,
				8E9DC314187AEF6200CB5109 /* Frameworks */,
				8E9DC313187AEF6200CB5109 /* Products */,
			);
			sourceTree = "<group>";
		};
		8E9DC313187AEF6200CB5109 /* Products */ = {
			isa = PBXGroup;
			children = (
				8E9DC312187AEF6200CB5109 /* test */,
			);
			name = Products;
			sourceTree = "<group>";
		};
		8E9DC314187AEF6200CB5109 /* Frameworks */ = {
			isa = PBXGroup;
			children = (
				E2AF3AC81B12FF7D00EA0333 /* SystemConfiguration.framework */,
				E213405319FB87C7005436ED /* IOKit.framework */,
				E260927319C84B7D002F25A2 /* libxml2.dylib */,
				E238D53418F3EC4D00A125F2 /* libsqlite3.dylib */,
				E231975718E5332F007143E0 /* AudioToolbox.framework */,
				8E87A62218BD91FC00E3AD13 /* QuartzCore.framework */,
				8E87A62018BD91ED00E3AD13 /* AVFoundation.framework */,
				8E87A61E18BD91E200E3AD13 /* CoreGraphics.framework */,
				8E87A60E18BD79EC00E3AD13 /* libicucore.dylib */,
				8E5B30A3187DBE22007A9F86 /* AddressBook.framework */,
				8E9DC315187AEF6200CB5109 /* Foundation.framework */,
			);
			name = Frameworks;
			sourceTree = "<group>";
		};
		8E9DC317187AEF6200CB5109 /* test */ = {
			isa = PBXGroup;
			children = (
				8E9DC318187AEF6200CB5109 /* main.m */,
				E238D53118F3EBE600A125F2 /* Tools.h */,
				E238D53218F3EBE600A125F2 /* Tools.m */,
				E245FCCF1969272500683FDC /* Rooms.h */,
				E245FCD01969272500683FDC /* Rooms.m */,
				E24CA4D0199B080F00E54A9E /* PrintObject.h */,
				E24CA4D1199B080F00E54A9E /* PrintObject.m */,
				E24B64D519BEDBE3009F7545 /* TestHeads.h */,
				E26F7AD41ABFB8FA001B4E3C /* DeviceModel.h */,
				E26F7AD51ABFB8FA001B4E3C /* DeviceModel.m */,
				E2AF3ABF1B12B9DD00EA0333 /* Ping.h */,
				E2AF3AC01B12B9DD00EA0333 /* Ping.m */,
				1423F6E01CCB14B1005310DE /* UrlInfo.h */,
				1423F6E11CCB14B1005310DE /* UrlInfo.m */,
				E2C7A02C1B44E5130011EC75 /* Brands.h */,
				E2C7A02D1B44E5130011EC75 /* Brands.m */,
				14FC178F1DD317AC007BFB4E /* Request.h */,
				14FC17901DD317AC007BFB4E /* Request.m */,
				1470D9121DCADEE70039A452 /* Weather.h */,
				1470D9131DCADEE70039A452 /* Weather.m */,
				1470D9151DCAE1830039A452 /* Temp.h */,
				1470D9161DCAE1830039A452 /* Temp.m */,
				1452F3721DD5C2E8009628AF /* NSXMLParser+Cobbler.h */,
				1452F3731DD5C2E8009628AF /* NSXMLParser+Cobbler.m */,
				E22655BA1904F6360058DEA6 /* Tools */,
				8E9DC31A187AEF6200CB5109 /* Supporting Files */,
			);
			path = test;
			sourceTree = "<group>";
		};
		8E9DC31A187AEF6200CB5109 /* Supporting Files */ = {
			isa = PBXGroup;
			children = (
				8E9DC31C187AEF6200CB5109 /* test.1 */,
				8E4BC55818BF17140089158C /* a.txt */,
				140697D71D93DE21001F244C /* demo.sh */,
				1423F6DF1CCB1435005310DE /* Header.h */,
				8E9DC31B187AEF6200CB5109 /* test-Prefix.pch */,
				14092B5B1D8F940300E1E8E2 /* InfoPlist.strings */,
				14A0E5E21DA8852000CC08B5 /* Localizable.strings */,
			);
			name = "Supporting Files";
			sourceTree = "<group>";
		};
		E22655BA1904F6360058DEA6 /* Tools */ = {
			isa = PBXGroup;
			children = (
				E238D52E18F3EBCC00A125F2 /* DB.h */,
				E238D52F18F3EBCC00A125F2 /* DB.m */,
				E22655BB1904F6A20058DEA6 /* EnumType.h */,
				E2C7A02F1B44E5370011EC75 /* EnumTypes.h */,
				E2C7A0301B44E56C0011EC75 /* EnumInfraredType.h */,
				E241EEDF18E12A49009259AB /* Polymorphism.h */,
				E241EEE018E12A49009259AB /* Polymorphism.m */,
				8E4BC55C18BF30D90089158C /* Encoder.h */,
				8E4BC55D18BF30D90089158C /* Encoder.m */,
				8E88C15418D0818F00E8137B /* decodeString.h */,
				8E88C15518D0818F00E8137B /* decodeString.m */,
				8E7F7C8118CFEE7700595CFE /* NSData+Base64.h */,
				8E7F7C8218CFEE7700595CFE /* NSData+Base64.m */,
				8E7F7C8318CFEE7700595CFE /* StringEncryption.h */,
				8E7F7C8418CFEE7700595CFE /* StringEncryption.m */,
				E27ACE1F1AFDDBDB00E8621D /* HTTPRequest.h */,
				E27ACE201AFDDBDB00E8621D /* HTTPRequest.m */,
				E260927019C84B62002F25A2 /* GDataXMLNode.h */,
				E260927119C84B62002F25A2 /* GDataXMLNode.m */,
				E2296A93190A0A0A00F78507 /* DeleteFile.h */,
				E2296A94190A0A0A00F78507 /* DeleteFile.m */,
				E24BC05A196D391F004E0313 /* BPushConfig.plist */,
			);
			name = Tools;
			sourceTree = "<group>";
		};
/* End PBXGroup section */

/* Begin PBXNativeTarget section */
		8E9DC311187AEF6200CB5109 /* test */ = {
			isa = PBXNativeTarget;
			buildConfigurationList = 8E9DC320187AEF6200CB5109 /* Build configuration list for PBXNativeTarget "test" */;
			buildPhases = (
				8E9DC30E187AEF6200CB5109 /* Sources */,
				8E9DC30F187AEF6200CB5109 /* Frameworks */,
				8E9DC310187AEF6200CB5109 /* CopyFiles */,
			);
			buildRules = (
			);
			dependencies = (
			);
			name = test;
			productName = test;
			productReference = 8E9DC312187AEF6200CB5109 /* test */;
			productType = "com.apple.product-type.tool";
		};
/* End PBXNativeTarget section */

/* Begin PBXProject section */
		8E9DC30A187AEF6200CB5109 /* Project object */ = {
			isa = PBXProject;
			attributes = {
				LastUpgradeCheck = 0700;
				ORGANIZATIONNAME = Yinhaibo;
			};
			buildConfigurationList = 8E9DC30D187AEF6200CB5109 /* Build configuration list for PBXProject "test" */;
			compatibilityVersion = "Xcode 3.2";
			developmentRegion = English;
			hasScannedForEncodings = 0;
			knownRegions = (
				en,
				"zh-Hans",
			);
			mainGroup = 8E9DC309187AEF6200CB5109;
			productRefGroup = 8E9DC313187AEF6200CB5109 /* Products */;
			projectDirPath = "";
			projectRoot = "";
			targets = (
				8E9DC311187AEF6200CB5109 /* test */,
			);
		};
/* End PBXProject section */

/* Begin PBXSourcesBuildPhase section */
		8E9DC30E187AEF6200CB5109 /* Sources */ = {
			isa = PBXSourcesBuildPhase;
			buildActionMask = 2147483647;
			files = (
				E2AF3AC11B12B9DD00EA0333 /* Ping.m in Sources */,
				14FC17911DD317AC007BFB4E /* Request.m in Sources */,
				8E4BC55E18BF30D90089158C /* Encoder.m in Sources */,
				1470D9141DCADEE70039A452 /* Weather.m in Sources */,
				8E9DC319187AEF6200CB5109 /* main.m in Sources */,
				E238D53318F3EBE600A125F2 /* Tools.m in Sources */,
				E26F7AD61ABFB8FA001B4E3C /* DeviceModel.m in Sources */,
				E241EEE118E12A49009259AB /* Polymorphism.m in Sources */,
				1452F3741DD5C2E8009628AF /* NSXMLParser+Cobbler.m in Sources */,
				1470D9171DCAE1830039A452 /* Temp.m in Sources */,
				E27ACE211AFDDBDB00E8621D /* HTTPRequest.m in Sources */,
				8E7F7C8518CFEE7700595CFE /* NSData+Base64.m in Sources */,
				E260927219C84B62002F25A2 /* GDataXMLNode.m in Sources */,
				E238D53018F3EBCC00A125F2 /* DB.m in Sources */,
				E245FCD11969272500683FDC /* Rooms.m in Sources */,
				E2296A95190A0A0A00F78507 /* DeleteFile.m in Sources */,
				8E7F7C8618CFEE7700595CFE /* StringEncryption.m in Sources */,
				E2C7A02E1B44E5130011EC75 /* Brands.m in Sources */,
				E24CA4D2199B080F00E54A9E /* PrintObject.m in Sources */,
				1423F6E21CCB14B1005310DE /* UrlInfo.m in Sources */,
				8E88C15618D0818F00E8137B /* decodeString.m in Sources */,
			);
			runOnlyForDeploymentPostprocessing = 0;
		};
/* End PBXSourcesBuildPhase section */

/* Begin PBXVariantGroup section */
		14092B5B1D8F940300E1E8E2 /* InfoPlist.strings */ = {
			isa = PBXVariantGroup;
			children = (
				14092B5A1D8F940300E1E8E2 /* en */,
				14092B5C1D8F945700E1E8E2 /* zh-Hans */,
			);
			name = InfoPlist.strings;
			sourceTree = "<group>";
		};
		14A0E5E21DA8852000CC08B5 /* Localizable.strings */ = {
			isa = PBXVariantGroup;
			children = (
				14A0E5E11DA8852000CC08B5 /* zh-Hans */,
				14A0E5E31DA8852800CC08B5 /* en */,
			);
			name = Localizable.strings;
			sourceTree = "<group>";
		};
/* End PBXVariantGroup section */

/* Begin XCBuildConfiguration section */
		8E9DC31E187AEF6200CB5109 /* Debug */ = {
			isa = XCBuildConfiguration;
			buildSettings = {
				ALWAYS_SEARCH_USER_PATHS = NO;
				CLANG_CXX_LANGUAGE_STANDARD = "gnu++0x";
				CLANG_CXX_LIBRARY = "libc++";
				CLANG_ENABLE_OBJC_ARC = YES;
				CLANG_WARN_BOOL_CONVERSION = YES;
				CLANG_WARN_CONSTANT_CONVERSION = YES;
				CLANG_WARN_DIRECT_OBJC_ISA_USAGE = YES_ERROR;
				CLANG_WARN_EMPTY_BODY = YES;
				CLANG_WARN_ENUM_CONVERSION = YES;
				CLANG_WARN_INT_CONVERSION = YES;
				CLANG_WARN_OBJC_ROOT_CLASS = YES_ERROR;
				CLANG_WARN__DUPLICATE_METHOD_MATCH = YES;
				COPY_PHASE_STRIP = NO;
				ENABLE_TESTABILITY = YES;
				GCC_C_LANGUAGE_STANDARD = gnu99;
				GCC_DYNAMIC_NO_PIC = NO;
				GCC_ENABLE_OBJC_EXCEPTIONS = YES;
				GCC_OPTIMIZATION_LEVEL = 0;
				GCC_PREPROCESSOR_DEFINITIONS = (
					"DEBUG=1",
					"$(inherited)",
				);
				GCC_SYMBOLS_PRIVATE_EXTERN = NO;
				GCC_WARN_64_TO_32_BIT_CONVERSION = YES;
				GCC_WARN_ABOUT_RETURN_TYPE = YES_ERROR;
				GCC_WARN_UNDECLARED_SELECTOR = YES;
				GCC_WARN_UNINITIALIZED_AUTOS = YES;
				GCC_WARN_UNUSED_FUNCTION = YES;
				GCC_WARN_UNUSED_VARIABLE = YES;
				MACOSX_DEPLOYMENT_TARGET = 10.8;
				ONLY_ACTIVE_ARCH = YES;
				SDKROOT = macosx;
			};
			name = Debug;
		};
		8E9DC31F187AEF6200CB5109 /* Release */ = {
			isa = XCBuildConfiguration;
			buildSettings = {
				ALWAYS_SEARCH_USER_PATHS = NO;
				CLANG_CXX_LANGUAGE_STANDARD = "gnu++0x";
				CLANG_CXX_LIBRARY = "libc++";
				CLANG_ENABLE_OBJC_ARC = YES;
				CLANG_WARN_BOOL_CONVERSION = YES;
				CLANG_WARN_CONSTANT_CONVERSION = YES;
				CLANG_WARN_DIRECT_OBJC_ISA_USAGE = YES_ERROR;
				CLANG_WARN_EMPTY_BODY = YES;
				CLANG_WARN_ENUM_CONVERSION = YES;
				CLANG_WARN_INT_CONVERSION = YES;
				CLANG_WARN_OBJC_ROOT_CLASS = YES_ERROR;
				CLANG_WARN__DUPLICATE_METHOD_MATCH = YES;
				COPY_PHASE_STRIP = YES;
				DEBUG_INFORMATION_FORMAT = "dwarf-with-dsym";
				ENABLE_NS_ASSERTIONS = NO;
				GCC_C_LANGUAGE_STANDARD = gnu99;
				GCC_ENABLE_OBJC_EXCEPTIONS = YES;
				GCC_WARN_64_TO_32_BIT_CONVERSION = YES;
				GCC_WARN_ABOUT_RETURN_TYPE = YES_ERROR;
				GCC_WARN_UNDECLARED_SELECTOR = YES;
				GCC_WARN_UNINITIALIZED_AUTOS = YES;
				GCC_WARN_UNUSED_FUNCTION = YES;
				GCC_WARN_UNUSED_VARIABLE = YES;
				MACOSX_DEPLOYMENT_TARGET = 10.8;
				SDKROOT = macosx;
			};
			name = Release;
		};
		8E9DC321187AEF6200CB5109 /* Debug */ = {
			isa = XCBuildConfiguration;
			buildSettings = {
				FRAMEWORK_SEARCH_PATHS = (
					"$(inherited)",
					"$(PROJECT_DIR)",
				);
				GCC_PRECOMPILE_PREFIX_HEADER = YES;
				GCC_PREFIX_HEADER = "test/test-Prefix.pch";
				HEADER_SEARCH_PATHS = (
					"$(inherited)",
					/Applications/Xcode.app/Contents/Developer/Toolchains/XcodeDefault.xctoolchain/usr/include,
					/usr/include/libxml2,
				);
				LIBRARY_SEARCH_PATHS = "";
				PRODUCT_NAME = "$(TARGET_NAME)";
			};
			name = Debug;
		};
		8E9DC322187AEF6200CB5109 /* Release */ = {
			isa = XCBuildConfiguration;
			buildSettings = {
				FRAMEWORK_SEARCH_PATHS = (
					"$(inherited)",
					"$(PROJECT_DIR)",
				);
				GCC_PRECOMPILE_PREFIX_HEADER = YES;
				GCC_PREFIX_HEADER = "test/test-Prefix.pch";
				HEADER_SEARCH_PATHS = (
					"$(inherited)",
					/Applications/Xcode.app/Contents/Developer/Toolchains/XcodeDefault.xctoolchain/usr/include,
					/usr/include/libxml2,
				);
				LIBRARY_SEARCH_PATHS = "";
				PRODUCT_NAME = "$(TARGET_NAME)";
			};
			name = Release;
		};
/* End XCBuildConfiguration section */

/* Begin XCConfigurationList section */
		8E9DC30D187AEF6200CB5109 /* Build configuration list for PBXProject "test" */ = {
			isa = XCConfigurationList;
			buildConfigurations = (
				8E9DC31E187AEF6200CB5109 /* Debug */,
				8E9DC31F187AEF6200CB5109 /* Release */,
			);
			defaultConfigurationIsVisible = 0;
			defaultConfigurationName = Debug;
		};
		8E9DC320187AEF6200CB5109 /* Build configuration list for PBXNativeTarget "test" */ = {
			isa = XCConfigurationList;
			buildConfigurations = (
				8E9DC321187AEF6200CB5109 /* Debug */,
				8E9DC322187AEF6200CB5109 /* Release */,
			);
			defaultConfigurationIsVisible = 0;
			defaultConfigurationName = Debug;
		};
/* End XCConfigurationList section */
	};
	rootObject = 8E9DC30A187AEF6200CB5109 /* Project object */;
}
